PODS:
  - Differentiator (5.0.0)
  - InputBarAccessoryView (5.1.0):
    - InputBarAccessoryView/Core (= 5.1.0)
  - InputBarAccessoryView/Core (5.1.0)
  - MessageKit (3.3.0):
    - InputBarAccessoryView (~> 5.1.0)
  - RxCocoa (6.5.0):
    - RxRelay (= 6.5.0)
    - RxSwift (= 6.5.0)
  - RxDataSources (5.0.0):
    - Differentiator (~> 5.0)
    - RxCocoa (~> 6.0)
    - RxSwift (~> 6.0)
  - RxRelay (6.5.0):
    - RxSwift (= 6.5.0)
  - RxSwift (6.5.0)
  - SnapKit (5.0.1)
  - Socket.IO-Client-Swift (16.0.1):
    - Starscream (~> 4.0)
  - Starscream (4.0.4)

DEPENDENCIES:
  - MessageKit (~> 3.3.0)
  - RxCocoa (= 6.5.0)
  - RxDataSources (~> 5.0)
  - RxSwift (= 6.5.0)
  - SnapKit (~> 5.0.0)
  - Socket.IO-Client-Swift (~> 16.0.1)

SPEC REPOS:
  trunk:
    - Differentiator
    - InputBarAccessoryView
    - MessageKit
    - RxCocoa
    - RxDataSources
    - RxRelay
    - RxSwift
    - SnapKit
    - Socket.IO-Client-Swift
    - Starscream

SPEC CHECKSUMS:
  Differentiator: e8497ceab83c1b10ca233716d547b9af21b9344d
  InputBarAccessoryView: 19953f486a23e846e9487099f92bbe3456e46ce5
  MessageKit: 1f07618183be6d92b648ba7a384aafa097362a00
  RxCocoa: 94f817b71c07517321eb4f9ad299112ca8af743b
  RxDataSources: aa47cc1ed6c500fa0dfecac5c979b723542d79cf
  RxRelay: 1de1523e604c72b6c68feadedd1af3b1b4d0ecbd
  RxSwift: 5710a9e6b17f3c3d6e40d6e559b9fa1e813b2ef8
  SnapKit: 97b92857e3df3a0c71833cce143274bf6ef8e5eb
  Socket.IO-Client-Swift: c116d6dc9fd6be9c259bacfe143f8725bce7d79e
  Starscream: 5178aed56b316f13fa3bc55694e583d35dd414d9

PODFILE CHECKSUM: 8ef1db64ff82dfc2f2850072b5741a16b7879578

COCOAPODS: 1.11.3
