// !$*UTF8*$!
{
	archiveVersion = 1;
	classes = {
	};
	objectVersion = 56;
	objects = {

/* Begin PBXBuildFile section */
		3C2D58CD28EC15AA005D7C27 /* UIColor.swift in Sources */ = {isa = PBXBuildFile; fileRef = 3C2D58CC28EC15AA005D7C27 /* UIColor.swift */; };
		3C2D58CF28EC15ED005D7C27 /* UIFont.swift in Sources */ = {isa = PBXBuildFile; fileRef = 3C2D58CE28EC15ED005D7C27 /* UIFont.swift */; };
		3C2D591E28ED294F005D7C27 /* Poppins-Black.ttf in Resources */ = {isa = PBXBuildFile; fileRef = 3C2D590C28ED294F005D7C27 /* Poppins-Black.ttf */; };
		3C2D591F28ED294F005D7C27 /* Poppins-SemiBold.ttf in Resources */ = {isa = PBXBuildFile; fileRef = 3C2D590D28ED294F005D7C27 /* Poppins-SemiBold.ttf */; };
		3C2D592028ED294F005D7C27 /* Poppins-ExtraLight.ttf in Resources */ = {isa = PBXBuildFile; fileRef = 3C2D590E28ED294F005D7C27 /* Poppins-ExtraLight.ttf */; };
		3C2D592128ED294F005D7C27 /* Poppins-LightItalic.ttf in Resources */ = {isa = PBXBuildFile; fileRef = 3C2D590F28ED294F005D7C27 /* Poppins-LightItalic.ttf */; };
		3C2D592228ED294F005D7C27 /* Poppins-ThinItalic.ttf in Resources */ = {isa = PBXBuildFile; fileRef = 3C2D591028ED294F005D7C27 /* Poppins-ThinItalic.ttf */; };
		3C2D592328ED294F005D7C27 /* Poppins-BoldItalic.ttf in Resources */ = {isa = PBXBuildFile; fileRef = 3C2D591128ED294F005D7C27 /* Poppins-BoldItalic.ttf */; };
		3C2D592428ED294F005D7C27 /* Poppins-Medium.ttf in Resources */ = {isa = PBXBuildFile; fileRef = 3C2D591228ED294F005D7C27 /* Poppins-Medium.ttf */; };
		3C2D592528ED294F005D7C27 /* Poppins-ExtraLightItalic.ttf in Resources */ = {isa = PBXBuildFile; fileRef = 3C2D591328ED294F005D7C27 /* Poppins-ExtraLightItalic.ttf */; };
		3C2D592628ED294F005D7C27 /* Poppins-MediumItalic.ttf in Resources */ = {isa = PBXBuildFile; fileRef = 3C2D591428ED294F005D7C27 /* Poppins-MediumItalic.ttf */; };
		3C2D592728ED294F005D7C27 /* Poppins-Light.ttf in Resources */ = {isa = PBXBuildFile; fileRef = 3C2D591528ED294F005D7C27 /* Poppins-Light.ttf */; };
		3C2D592828ED294F005D7C27 /* Poppins-ExtraBold.ttf in Resources */ = {isa = PBXBuildFile; fileRef = 3C2D591628ED294F005D7C27 /* Poppins-ExtraBold.ttf */; };
		3C2D592928ED294F005D7C27 /* Poppins-Thin.ttf in Resources */ = {isa = PBXBuildFile; fileRef = 3C2D591728ED294F005D7C27 /* Poppins-Thin.ttf */; };
		3C2D592A28ED294F005D7C27 /* Poppins-Regular.ttf in Resources */ = {isa = PBXBuildFile; fileRef = 3C2D591828ED294F005D7C27 /* Poppins-Regular.ttf */; };
		3C2D592B28ED294F005D7C27 /* Poppins-BlackItalic.ttf in Resources */ = {isa = PBXBuildFile; fileRef = 3C2D591928ED294F005D7C27 /* Poppins-BlackItalic.ttf */; };
		3C2D592C28ED294F005D7C27 /* Poppins-ExtraBoldItalic.ttf in Resources */ = {isa = PBXBuildFile; fileRef = 3C2D591A28ED294F005D7C27 /* Poppins-ExtraBoldItalic.ttf */; };
		3C2D592D28ED294F005D7C27 /* Poppins-Bold.ttf in Resources */ = {isa = PBXBuildFile; fileRef = 3C2D591B28ED294F005D7C27 /* Poppins-Bold.ttf */; };
		3C2D592E28ED294F005D7C27 /* Poppins-SemiBoldItalic.ttf in Resources */ = {isa = PBXBuildFile; fileRef = 3C2D591C28ED294F005D7C27 /* Poppins-SemiBoldItalic.ttf */; };
		3C2D592F28ED294F005D7C27 /* Poppins-Italic.ttf in Resources */ = {isa = PBXBuildFile; fileRef = 3C2D591D28ED294F005D7C27 /* Poppins-Italic.ttf */; };
		3C2D593328ED6DB7005D7C27 /* UserProfile.swift in Sources */ = {isa = PBXBuildFile; fileRef = 3C2D593228ED6DB7005D7C27 /* UserProfile.swift */; };
		3C2D593528EDB1B1005D7C27 /* RegisterVM.swift in Sources */ = {isa = PBXBuildFile; fileRef = 3C2D593428EDB1B1005D7C27 /* RegisterVM.swift */; };
		3C2D593D28EDBAF8005D7C27 /* Response.swift in Sources */ = {isa = PBXBuildFile; fileRef = 3C2D593C28EDBAF8005D7C27 /* Response.swift */; };
		3C2D594728EECB8B005D7C27 /* ReusableNextButton.swift in Sources */ = {isa = PBXBuildFile; fileRef = 3C2D594628EECB8B005D7C27 /* ReusableNextButton.swift */; };
		3C2D594B28EEDEAD005D7C27 /* ReusableLabel.swift in Sources */ = {isa = PBXBuildFile; fileRef = 3C2D594A28EEDEAD005D7C27 /* ReusableLabel.swift */; };
		3C2D595028F143DA005D7C27 /* GlobalVariable.swift in Sources */ = {isa = PBXBuildFile; fileRef = 3C2D594F28F143DA005D7C27 /* GlobalVariable.swift */; };
		3C2D595228F14F0D005D7C27 /* SetUserVM.swift in Sources */ = {isa = PBXBuildFile; fileRef = 3C2D595128F14F0D005D7C27 /* SetUserVM.swift */; };
		3C2D595428F1D983005D7C27 /* Token.swift in Sources */ = {isa = PBXBuildFile; fileRef = 3C2D595328F1D983005D7C27 /* Token.swift */; };
		3C2D595628F1DFCE005D7C27 /* LoginVM.swift in Sources */ = {isa = PBXBuildFile; fileRef = 3C2D595528F1DFCE005D7C27 /* LoginVM.swift */; };
		3C2D595828F5B475005D7C27 /* ProfileIconVM.swift in Sources */ = {isa = PBXBuildFile; fileRef = 3C2D595728F5B475005D7C27 /* ProfileIconVM.swift */; };
		3C2D595E28F5B793005D7C27 /* Icon.swift in Sources */ = {isa = PBXBuildFile; fileRef = 3C2D595D28F5B793005D7C27 /* Icon.swift */; };
		3C2D596228F6ECE9005D7C27 /* AssessmentResultVM.swift in Sources */ = {isa = PBXBuildFile; fileRef = 3C2D596128F6ECE9005D7C27 /* AssessmentResultVM.swift */; };
		3C2D596428F6ED51005D7C27 /* AssResult.swift in Sources */ = {isa = PBXBuildFile; fileRef = 3C2D596328F6ED51005D7C27 /* AssResult.swift */; };
		3C2D596628F6F18B005D7C27 /* QuestionAnswer.swift in Sources */ = {isa = PBXBuildFile; fileRef = 3C2D596528F6F18B005D7C27 /* QuestionAnswer.swift */; };
		3C2D59AE28FAC484005D7C27 /* AssessQuestionsVM.swift in Sources */ = {isa = PBXBuildFile; fileRef = 3C2D59AD28FAC484005D7C27 /* AssessQuestionsVM.swift */; };
		3C2D59B028FAC54A005D7C27 /* AssQuestion.swift in Sources */ = {isa = PBXBuildFile; fileRef = 3C2D59AF28FAC54A005D7C27 /* AssQuestion.swift */; };
		3C7B7D7228FEB52F00BB1A7A /* ReusableChoiceButton.swift in Sources */ = {isa = PBXBuildFile; fileRef = 3C7B7D7128FEB52F00BB1A7A /* ReusableChoiceButton.swift */; };
		3C7B7DC429051A4100BB1A7A /* ChatVC.swift in Sources */ = {isa = PBXBuildFile; fileRef = 3C7B7DC329051A4100BB1A7A /* ChatVC.swift */; };
		3C7B7DC62905230200BB1A7A /* Sender.swift in Sources */ = {isa = PBXBuildFile; fileRef = 3C7B7DC52905230200BB1A7A /* Sender.swift */; };
		3C7B7DC82905232900BB1A7A /* Message.swift in Sources */ = {isa = PBXBuildFile; fileRef = 3C7B7DC72905232900BB1A7A /* Message.swift */; };
		3C7B7E1C2907E3B500BB1A7A /* GetUserVM.swift in Sources */ = {isa = PBXBuildFile; fileRef = 3C7B7E1B2907E3B500BB1A7A /* GetUserVM.swift */; };
		3C7B7E1E2907E48B00BB1A7A /* User.swift in Sources */ = {isa = PBXBuildFile; fileRef = 3C7B7E1D2907E48B00BB1A7A /* User.swift */; };
		3C7B7E202907EB8400BB1A7A /* SocketViewController.swift in Sources */ = {isa = PBXBuildFile; fileRef = 3C7B7E1F2907EB8400BB1A7A /* SocketViewController.swift */; };
		3C7B7E222907EBCE00BB1A7A /* SocketHandler.swift in Sources */ = {isa = PBXBuildFile; fileRef = 3C7B7E212907EBCE00BB1A7A /* SocketHandler.swift */; };
		3C7B7E24290824EF00BB1A7A /* Pair.swift in Sources */ = {isa = PBXBuildFile; fileRef = 3C7B7E23290824EF00BB1A7A /* Pair.swift */; };
		3CA3F7AF28FD92E300922354 /* DidEndChatVC.swift in Sources */ = {isa = PBXBuildFile; fileRef = 3CA3F7AE28FD92E300922354 /* DidEndChatVC.swift */; };
		3CA3F7B328FE4B8C00922354 /* SuccessEndChatVC.swift in Sources */ = {isa = PBXBuildFile; fileRef = 3CA3F7B228FE4B8C00922354 /* SuccessEndChatVC.swift */; };
		3CA3F7B528FE533C00922354 /* EndChatVC.swift in Sources */ = {isa = PBXBuildFile; fileRef = 3CA3F7B428FE533C00922354 /* EndChatVC.swift */; };
		485FEA827949B88AD9E664A9 /* Pods_Healo.framework in Frameworks */ = {isa = PBXBuildFile; fileRef = 7C94F26B84BE355A54DD03EF /* Pods_Healo.framework */; };
		68C8763628EB277100069DAA /* AppDelegate.swift in Sources */ = {isa = PBXBuildFile; fileRef = 68C8763528EB277100069DAA /* AppDelegate.swift */; };
		68C8763828EB277100069DAA /* SceneDelegate.swift in Sources */ = {isa = PBXBuildFile; fileRef = 68C8763728EB277100069DAA /* SceneDelegate.swift */; };
		68C8763F28EB277200069DAA /* Assets.xcassets in Resources */ = {isa = PBXBuildFile; fileRef = 68C8763E28EB277200069DAA /* Assets.xcassets */; };
		68C8764228EB277200069DAA /* LaunchScreen.storyboard in Resources */ = {isa = PBXBuildFile; fileRef = 68C8764028EB277200069DAA /* LaunchScreen.storyboard */; };
		A45BD88E28FFC52B006D0072 /* LoginVC.swift in Sources */ = {isa = PBXBuildFile; fileRef = A45BD88D28FFC52B006D0072 /* LoginVC.swift */; };
		A45BD89028FFC537006D0072 /* MainViewController.swift in Sources */ = {isa = PBXBuildFile; fileRef = A45BD88F28FFC537006D0072 /* MainViewController.swift */; };
		A45BD89228FFC53C006D0072 /* HowToHealerVC.swift in Sources */ = {isa = PBXBuildFile; fileRef = A45BD89128FFC53C006D0072 /* HowToHealerVC.swift */; };
		A45BD89428FFC543006D0072 /* VerifyEmailVC.swift in Sources */ = {isa = PBXBuildFile; fileRef = A45BD89328FFC543006D0072 /* VerifyEmailVC.swift */; };
		A45BD89628FFC560006D0072 /* UserConditionsVC.swift in Sources */ = {isa = PBXBuildFile; fileRef = A45BD89528FFC560006D0072 /* UserConditionsVC.swift */; };
		A45BD89828FFC566006D0072 /* SuccessAlertVC.swift in Sources */ = {isa = PBXBuildFile; fileRef = A45BD89728FFC566006D0072 /* SuccessAlertVC.swift */; };
		A45BD89A28FFC56B006D0072 /* SetProfileVC.swift in Sources */ = {isa = PBXBuildFile; fileRef = A45BD89928FFC56B006D0072 /* SetProfileVC.swift */; };
		A45BD89C28FFC56F006D0072 /* RegisterVC.swift in Sources */ = {isa = PBXBuildFile; fileRef = A45BD89B28FFC56F006D0072 /* RegisterVC.swift */; };
		A45BD89E28FFC573006D0072 /* PickRoleVC.swift in Sources */ = {isa = PBXBuildFile; fileRef = A45BD89D28FFC573006D0072 /* PickRoleVC.swift */; };
		A45BD8A028FFC579006D0072 /* PickIconVC.swift in Sources */ = {isa = PBXBuildFile; fileRef = A45BD89F28FFC579006D0072 /* PickIconVC.swift */; };
		A45BD8A228FFC57E006D0072 /* OnboardingVC.swift in Sources */ = {isa = PBXBuildFile; fileRef = A45BD8A128FFC57E006D0072 /* OnboardingVC.swift */; };
		A45BD8A428FFC587006D0072 /* TestExplanationVC.swift in Sources */ = {isa = PBXBuildFile; fileRef = A45BD8A328FFC587006D0072 /* TestExplanationVC.swift */; };
		A45BD8A628FFC58B006D0072 /* HasilAssessVC.swift in Sources */ = {isa = PBXBuildFile; fileRef = A45BD8A528FFC58B006D0072 /* HasilAssessVC.swift */; };
		A45BD8A828FFC591006D0072 /* AssessQuestionsVC.swift in Sources */ = {isa = PBXBuildFile; fileRef = A45BD8A728FFC591006D0072 /* AssessQuestionsVC.swift */; };
		A45BD8AA28FFC8D5006D0072 /* SeekerTabBarVC.swift in Sources */ = {isa = PBXBuildFile; fileRef = A45BD8A928FFC8D5006D0072 /* SeekerTabBarVC.swift */; };
		A45BD8AC28FFC9AB006D0072 /* ChatListVC.swift in Sources */ = {isa = PBXBuildFile; fileRef = A45BD8AB28FFC9AB006D0072 /* ChatListVC.swift */; };
		A45BD8AE28FFCB77006D0072 /* ChatUser.swift in Sources */ = {isa = PBXBuildFile; fileRef = A45BD8AD28FFCB77006D0072 /* ChatUser.swift */; };
		A45BD8B028FFCBE3006D0072 /* ChatListVM.swift in Sources */ = {isa = PBXBuildFile; fileRef = A45BD8AF28FFCBE3006D0072 /* ChatListVM.swift */; };
		A45BD8B228FFCC97006D0072 /* ChatCell.swift in Sources */ = {isa = PBXBuildFile; fileRef = A45BD8B128FFCC97006D0072 /* ChatCell.swift */; };
		A45BD8B528FFCE53006D0072 /* ChattingVC.swift in Sources */ = {isa = PBXBuildFile; fileRef = A45BD8B428FFCE53006D0072 /* ChattingVC.swift */; };
		A45BD8B728FFCEE8006D0072 /* JournalVC.swift in Sources */ = {isa = PBXBuildFile; fileRef = A45BD8B628FFCEE8006D0072 /* JournalVC.swift */; };
		A45BD8B928FFCF1D006D0072 /* ProfileVC.swift in Sources */ = {isa = PBXBuildFile; fileRef = A45BD8B828FFCF1D006D0072 /* ProfileVC.swift */; };
		A45BD8BB28FFD063006D0072 /* CriteriaVC.swift in Sources */ = {isa = PBXBuildFile; fileRef = A45BD8BA28FFD063006D0072 /* CriteriaVC.swift */; };
		A45BD8BD28FFD15A006D0072 /* CriteriaVM.swift in Sources */ = {isa = PBXBuildFile; fileRef = A45BD8BC28FFD15A006D0072 /* CriteriaVM.swift */; };
		A45BD8BF28FFD19D006D0072 /* UITableView.swift in Sources */ = {isa = PBXBuildFile; fileRef = A45BD8BE28FFD19D006D0072 /* UITableView.swift */; };
		A45BD8C128FFD1F7006D0072 /* UITextView.swift in Sources */ = {isa = PBXBuildFile; fileRef = A45BD8C028FFD1F7006D0072 /* UITextView.swift */; };
		A45BD8C528FFD312006D0072 /* SorryAlertVC.swift in Sources */ = {isa = PBXBuildFile; fileRef = A45BD8C428FFD312006D0072 /* SorryAlertVC.swift */; };
		A472A00428F27FA4009EC57A /* SetProfileViewModel.swift in Sources */ = {isa = PBXBuildFile; fileRef = A472A00328F27FA4009EC57A /* SetProfileViewModel.swift */; };
		A472A00A28F280E6009EC57A /* UITextField.swift in Sources */ = {isa = PBXBuildFile; fileRef = A472A00928F280E6009EC57A /* UITextField.swift */; };
		A472A00C28F2810E009EC57A /* UIImageView.swift in Sources */ = {isa = PBXBuildFile; fileRef = A472A00B28F2810E009EC57A /* UIImageView.swift */; };
		A472A00E28F28129009EC57A /* UIButton.swift in Sources */ = {isa = PBXBuildFile; fileRef = A472A00D28F28129009EC57A /* UIButton.swift */; };
		A4AB7B682907784500F81122 /* ToEndVC.swift in Sources */ = {isa = PBXBuildFile; fileRef = A4AB7B672907784500F81122 /* ToEndVC.swift */; };
		C59B456328F5079D00B4B8D7 /* VerifyEmailVM.swift in Sources */ = {isa = PBXBuildFile; fileRef = C59B456228F5079D00B4B8D7 /* VerifyEmailVM.swift */; };
		C59B456528F5B8BB00B4B8D7 /* UITapGesture.swift in Sources */ = {isa = PBXBuildFile; fileRef = C59B456428F5B8BB00B4B8D7 /* UITapGesture.swift */; };
		C5AAD9D328FE85A900D587B1 /* PairingFailedVC.swift in Sources */ = {isa = PBXBuildFile; fileRef = C5AAD9D228FE85A900D587B1 /* PairingFailedVC.swift */; };
		C5AAD9D528FE85B700D587B1 /* PairingLoadingVC.swift in Sources */ = {isa = PBXBuildFile; fileRef = C5AAD9D428FE85B700D587B1 /* PairingLoadingVC.swift */; };
		C5AAD9D728FE85C700D587B1 /* PairingSuccessVC.swift in Sources */ = {isa = PBXBuildFile; fileRef = C5AAD9D628FE85C700D587B1 /* PairingSuccessVC.swift */; };
/* End PBXBuildFile section */

/* Begin PBXFileReference section */
		3C2D58CC28EC15AA005D7C27 /* UIColor.swift */ = {isa = PBXFileReference; lastKnownFileType = sourcecode.swift; path = UIColor.swift; sourceTree = "<group>"; };
		3C2D58CE28EC15ED005D7C27 /* UIFont.swift */ = {isa = PBXFileReference; lastKnownFileType = sourcecode.swift; path = UIFont.swift; sourceTree = "<group>"; };
		3C2D590C28ED294F005D7C27 /* Poppins-Black.ttf */ = {isa = PBXFileReference; lastKnownFileType = file; path = "Poppins-Black.ttf"; sourceTree = "<group>"; };
		3C2D590D28ED294F005D7C27 /* Poppins-SemiBold.ttf */ = {isa = PBXFileReference; lastKnownFileType = file; path = "Poppins-SemiBold.ttf"; sourceTree = "<group>"; };
		3C2D590E28ED294F005D7C27 /* Poppins-ExtraLight.ttf */ = {isa = PBXFileReference; lastKnownFileType = file; path = "Poppins-ExtraLight.ttf"; sourceTree = "<group>"; };
		3C2D590F28ED294F005D7C27 /* Poppins-LightItalic.ttf */ = {isa = PBXFileReference; lastKnownFileType = file; path = "Poppins-LightItalic.ttf"; sourceTree = "<group>"; };
		3C2D591028ED294F005D7C27 /* Poppins-ThinItalic.ttf */ = {isa = PBXFileReference; lastKnownFileType = file; path = "Poppins-ThinItalic.ttf"; sourceTree = "<group>"; };
		3C2D591128ED294F005D7C27 /* Poppins-BoldItalic.ttf */ = {isa = PBXFileReference; lastKnownFileType = file; path = "Poppins-BoldItalic.ttf"; sourceTree = "<group>"; };
		3C2D591228ED294F005D7C27 /* Poppins-Medium.ttf */ = {isa = PBXFileReference; lastKnownFileType = file; path = "Poppins-Medium.ttf"; sourceTree = "<group>"; };
		3C2D591328ED294F005D7C27 /* Poppins-ExtraLightItalic.ttf */ = {isa = PBXFileReference; lastKnownFileType = file; path = "Poppins-ExtraLightItalic.ttf"; sourceTree = "<group>"; };
		3C2D591428ED294F005D7C27 /* Poppins-MediumItalic.ttf */ = {isa = PBXFileReference; lastKnownFileType = file; path = "Poppins-MediumItalic.ttf"; sourceTree = "<group>"; };
		3C2D591528ED294F005D7C27 /* Poppins-Light.ttf */ = {isa = PBXFileReference; lastKnownFileType = file; path = "Poppins-Light.ttf"; sourceTree = "<group>"; };
		3C2D591628ED294F005D7C27 /* Poppins-ExtraBold.ttf */ = {isa = PBXFileReference; lastKnownFileType = file; path = "Poppins-ExtraBold.ttf"; sourceTree = "<group>"; };
		3C2D591728ED294F005D7C27 /* Poppins-Thin.ttf */ = {isa = PBXFileReference; lastKnownFileType = file; path = "Poppins-Thin.ttf"; sourceTree = "<group>"; };
		3C2D591828ED294F005D7C27 /* Poppins-Regular.ttf */ = {isa = PBXFileReference; lastKnownFileType = file; path = "Poppins-Regular.ttf"; sourceTree = "<group>"; };
		3C2D591928ED294F005D7C27 /* Poppins-BlackItalic.ttf */ = {isa = PBXFileReference; lastKnownFileType = file; path = "Poppins-BlackItalic.ttf"; sourceTree = "<group>"; };
		3C2D591A28ED294F005D7C27 /* Poppins-ExtraBoldItalic.ttf */ = {isa = PBXFileReference; lastKnownFileType = file; path = "Poppins-ExtraBoldItalic.ttf"; sourceTree = "<group>"; };
		3C2D591B28ED294F005D7C27 /* Poppins-Bold.ttf */ = {isa = PBXFileReference; lastKnownFileType = file; path = "Poppins-Bold.ttf"; sourceTree = "<group>"; };
		3C2D591C28ED294F005D7C27 /* Poppins-SemiBoldItalic.ttf */ = {isa = PBXFileReference; lastKnownFileType = file; path = "Poppins-SemiBoldItalic.ttf"; sourceTree = "<group>"; };
		3C2D591D28ED294F005D7C27 /* Poppins-Italic.ttf */ = {isa = PBXFileReference; lastKnownFileType = file; path = "Poppins-Italic.ttf"; sourceTree = "<group>"; };
		3C2D593228ED6DB7005D7C27 /* UserProfile.swift */ = {isa = PBXFileReference; lastKnownFileType = sourcecode.swift; path = UserProfile.swift; sourceTree = "<group>"; };
		3C2D593428EDB1B1005D7C27 /* RegisterVM.swift */ = {isa = PBXFileReference; lastKnownFileType = sourcecode.swift; name = RegisterVM.swift; path = Healo/Utils/RegisterVM.swift; sourceTree = SOURCE_ROOT; };
		3C2D593C28EDBAF8005D7C27 /* Response.swift */ = {isa = PBXFileReference; lastKnownFileType = sourcecode.swift; name = Response.swift; path = Healo/Response.swift; sourceTree = SOURCE_ROOT; };
		3C2D594628EECB8B005D7C27 /* ReusableNextButton.swift */ = {isa = PBXFileReference; lastKnownFileType = sourcecode.swift; path = ReusableNextButton.swift; sourceTree = "<group>"; };
		3C2D594A28EEDEAD005D7C27 /* ReusableLabel.swift */ = {isa = PBXFileReference; lastKnownFileType = sourcecode.swift; path = ReusableLabel.swift; sourceTree = "<group>"; };
		3C2D594F28F143DA005D7C27 /* GlobalVariable.swift */ = {isa = PBXFileReference; lastKnownFileType = sourcecode.swift; path = GlobalVariable.swift; sourceTree = "<group>"; };
		3C2D595128F14F0D005D7C27 /* SetUserVM.swift */ = {isa = PBXFileReference; lastKnownFileType = sourcecode.swift; name = SetUserVM.swift; path = Healo/SetUserVM.swift; sourceTree = SOURCE_ROOT; };
		3C2D595328F1D983005D7C27 /* Token.swift */ = {isa = PBXFileReference; lastKnownFileType = sourcecode.swift; name = Token.swift; path = Healo/Token.swift; sourceTree = SOURCE_ROOT; };
		3C2D595528F1DFCE005D7C27 /* LoginVM.swift */ = {isa = PBXFileReference; lastKnownFileType = sourcecode.swift; path = LoginVM.swift; sourceTree = "<group>"; };
		3C2D595728F5B475005D7C27 /* ProfileIconVM.swift */ = {isa = PBXFileReference; lastKnownFileType = sourcecode.swift; path = ProfileIconVM.swift; sourceTree = "<group>"; };
		3C2D595D28F5B793005D7C27 /* Icon.swift */ = {isa = PBXFileReference; lastKnownFileType = sourcecode.swift; path = Icon.swift; sourceTree = SOURCE_ROOT; };
		3C2D596128F6ECE9005D7C27 /* AssessmentResultVM.swift */ = {isa = PBXFileReference; lastKnownFileType = sourcecode.swift; path = AssessmentResultVM.swift; sourceTree = "<group>"; };
		3C2D596328F6ED51005D7C27 /* AssResult.swift */ = {isa = PBXFileReference; lastKnownFileType = sourcecode.swift; name = AssResult.swift; path = Healo/AssResult.swift; sourceTree = SOURCE_ROOT; };
		3C2D596528F6F18B005D7C27 /* QuestionAnswer.swift */ = {isa = PBXFileReference; lastKnownFileType = sourcecode.swift; name = QuestionAnswer.swift; path = Healo/QuestionAnswer.swift; sourceTree = SOURCE_ROOT; };
		3C2D59AD28FAC484005D7C27 /* AssessQuestionsVM.swift */ = {isa = PBXFileReference; lastKnownFileType = sourcecode.swift; path = AssessQuestionsVM.swift; sourceTree = "<group>"; };
		3C2D59AF28FAC54A005D7C27 /* AssQuestion.swift */ = {isa = PBXFileReference; lastKnownFileType = sourcecode.swift; name = AssQuestion.swift; path = Healo/AssQuestion.swift; sourceTree = SOURCE_ROOT; };
		3C7B7D7128FEB52F00BB1A7A /* ReusableChoiceButton.swift */ = {isa = PBXFileReference; lastKnownFileType = sourcecode.swift; path = ReusableChoiceButton.swift; sourceTree = "<group>"; };
		3C7B7DC329051A4100BB1A7A /* ChatVC.swift */ = {isa = PBXFileReference; lastKnownFileType = sourcecode.swift; path = ChatVC.swift; sourceTree = "<group>"; };
		3C7B7DC52905230200BB1A7A /* Sender.swift */ = {isa = PBXFileReference; lastKnownFileType = sourcecode.swift; name = Sender.swift; path = Healo/View/Sender.swift; sourceTree = SOURCE_ROOT; };
		3C7B7DC72905232900BB1A7A /* Message.swift */ = {isa = PBXFileReference; lastKnownFileType = sourcecode.swift; name = Message.swift; path = Healo/View/Message.swift; sourceTree = SOURCE_ROOT; };
		3C7B7E1B2907E3B500BB1A7A /* GetUserVM.swift */ = {isa = PBXFileReference; lastKnownFileType = sourcecode.swift; path = GetUserVM.swift; sourceTree = "<group>"; };
		3C7B7E1D2907E48B00BB1A7A /* User.swift */ = {isa = PBXFileReference; lastKnownFileType = sourcecode.swift; name = User.swift; path = Healo/User.swift; sourceTree = SOURCE_ROOT; };
		3C7B7E1F2907EB8400BB1A7A /* SocketViewController.swift */ = {isa = PBXFileReference; lastKnownFileType = sourcecode.swift; path = SocketViewController.swift; sourceTree = "<group>"; };
		3C7B7E212907EBCE00BB1A7A /* SocketHandler.swift */ = {isa = PBXFileReference; lastKnownFileType = sourcecode.swift; path = SocketHandler.swift; sourceTree = "<group>"; };
		3C7B7E23290824EF00BB1A7A /* Pair.swift */ = {isa = PBXFileReference; lastKnownFileType = sourcecode.swift; name = Pair.swift; path = Healo/Utils/Pair.swift; sourceTree = SOURCE_ROOT; };
		3CA3F7AE28FD92E300922354 /* DidEndChatVC.swift */ = {isa = PBXFileReference; lastKnownFileType = sourcecode.swift; path = DidEndChatVC.swift; sourceTree = "<group>"; };
		3CA3F7B228FE4B8C00922354 /* SuccessEndChatVC.swift */ = {isa = PBXFileReference; lastKnownFileType = sourcecode.swift; path = SuccessEndChatVC.swift; sourceTree = "<group>"; };
		3CA3F7B428FE533C00922354 /* EndChatVC.swift */ = {isa = PBXFileReference; lastKnownFileType = sourcecode.swift; path = EndChatVC.swift; sourceTree = "<group>"; };
		5D7A5D340B8EE6125DAF5B44 /* Pods-Healo.debug.xcconfig */ = {isa = PBXFileReference; includeInIndex = 1; lastKnownFileType = text.xcconfig; name = "Pods-Healo.debug.xcconfig"; path = "Target Support Files/Pods-Healo/Pods-Healo.debug.xcconfig"; sourceTree = "<group>"; };
		68C8763228EB277100069DAA /* Healo.app */ = {isa = PBXFileReference; explicitFileType = wrapper.application; includeInIndex = 0; path = Healo.app; sourceTree = BUILT_PRODUCTS_DIR; };
		68C8763528EB277100069DAA /* AppDelegate.swift */ = {isa = PBXFileReference; lastKnownFileType = sourcecode.swift; path = AppDelegate.swift; sourceTree = "<group>"; };
		68C8763728EB277100069DAA /* SceneDelegate.swift */ = {isa = PBXFileReference; lastKnownFileType = sourcecode.swift; path = SceneDelegate.swift; sourceTree = "<group>"; };
		68C8763E28EB277200069DAA /* Assets.xcassets */ = {isa = PBXFileReference; lastKnownFileType = folder.assetcatalog; path = Assets.xcassets; sourceTree = "<group>"; };
		68C8764128EB277200069DAA /* Base */ = {isa = PBXFileReference; lastKnownFileType = file.storyboard; name = Base; path = Base.lproj/LaunchScreen.storyboard; sourceTree = "<group>"; };
		68C8764328EB277200069DAA /* Info.plist */ = {isa = PBXFileReference; lastKnownFileType = text.plist.xml; path = Info.plist; sourceTree = "<group>"; };
		7C94F26B84BE355A54DD03EF /* Pods_Healo.framework */ = {isa = PBXFileReference; explicitFileType = wrapper.framework; includeInIndex = 0; path = Pods_Healo.framework; sourceTree = BUILT_PRODUCTS_DIR; };
		A45BD88D28FFC52B006D0072 /* LoginVC.swift */ = {isa = PBXFileReference; fileEncoding = 4; lastKnownFileType = sourcecode.swift; path = LoginVC.swift; sourceTree = "<group>"; };
		A45BD88F28FFC537006D0072 /* MainViewController.swift */ = {isa = PBXFileReference; fileEncoding = 4; lastKnownFileType = sourcecode.swift; path = MainViewController.swift; sourceTree = "<group>"; };
		A45BD89128FFC53C006D0072 /* HowToHealerVC.swift */ = {isa = PBXFileReference; fileEncoding = 4; lastKnownFileType = sourcecode.swift; path = HowToHealerVC.swift; sourceTree = "<group>"; };
		A45BD89328FFC543006D0072 /* VerifyEmailVC.swift */ = {isa = PBXFileReference; fileEncoding = 4; lastKnownFileType = sourcecode.swift; path = VerifyEmailVC.swift; sourceTree = "<group>"; };
		A45BD89528FFC560006D0072 /* UserConditionsVC.swift */ = {isa = PBXFileReference; fileEncoding = 4; lastKnownFileType = sourcecode.swift; path = UserConditionsVC.swift; sourceTree = "<group>"; };
		A45BD89728FFC566006D0072 /* SuccessAlertVC.swift */ = {isa = PBXFileReference; fileEncoding = 4; lastKnownFileType = sourcecode.swift; path = SuccessAlertVC.swift; sourceTree = "<group>"; };
		A45BD89928FFC56B006D0072 /* SetProfileVC.swift */ = {isa = PBXFileReference; fileEncoding = 4; lastKnownFileType = sourcecode.swift; path = SetProfileVC.swift; sourceTree = "<group>"; };
		A45BD89B28FFC56F006D0072 /* RegisterVC.swift */ = {isa = PBXFileReference; fileEncoding = 4; lastKnownFileType = sourcecode.swift; path = RegisterVC.swift; sourceTree = "<group>"; };
		A45BD89D28FFC573006D0072 /* PickRoleVC.swift */ = {isa = PBXFileReference; fileEncoding = 4; lastKnownFileType = sourcecode.swift; path = PickRoleVC.swift; sourceTree = "<group>"; };
		A45BD89F28FFC579006D0072 /* PickIconVC.swift */ = {isa = PBXFileReference; fileEncoding = 4; lastKnownFileType = sourcecode.swift; path = PickIconVC.swift; sourceTree = "<group>"; };
		A45BD8A128FFC57E006D0072 /* OnboardingVC.swift */ = {isa = PBXFileReference; fileEncoding = 4; lastKnownFileType = sourcecode.swift; path = OnboardingVC.swift; sourceTree = "<group>"; };
		A45BD8A328FFC587006D0072 /* TestExplanationVC.swift */ = {isa = PBXFileReference; fileEncoding = 4; lastKnownFileType = sourcecode.swift; path = TestExplanationVC.swift; sourceTree = "<group>"; };
		A45BD8A528FFC58B006D0072 /* HasilAssessVC.swift */ = {isa = PBXFileReference; fileEncoding = 4; lastKnownFileType = sourcecode.swift; path = HasilAssessVC.swift; sourceTree = "<group>"; };
		A45BD8A728FFC591006D0072 /* AssessQuestionsVC.swift */ = {isa = PBXFileReference; fileEncoding = 4; lastKnownFileType = sourcecode.swift; path = AssessQuestionsVC.swift; sourceTree = "<group>"; };
		A45BD8A928FFC8D5006D0072 /* SeekerTabBarVC.swift */ = {isa = PBXFileReference; lastKnownFileType = sourcecode.swift; path = SeekerTabBarVC.swift; sourceTree = "<group>"; };
		A45BD8AB28FFC9AB006D0072 /* ChatListVC.swift */ = {isa = PBXFileReference; lastKnownFileType = sourcecode.swift; path = ChatListVC.swift; sourceTree = "<group>"; };
		A45BD8AD28FFCB77006D0072 /* ChatUser.swift */ = {isa = PBXFileReference; lastKnownFileType = sourcecode.swift; name = ChatUser.swift; path = Healo/View/ChatUser.swift; sourceTree = SOURCE_ROOT; };
		A45BD8AF28FFCBE3006D0072 /* ChatListVM.swift */ = {isa = PBXFileReference; lastKnownFileType = sourcecode.swift; path = ChatListVM.swift; sourceTree = "<group>"; };
		A45BD8B128FFCC97006D0072 /* ChatCell.swift */ = {isa = PBXFileReference; lastKnownFileType = sourcecode.swift; path = ChatCell.swift; sourceTree = "<group>"; };
		A45BD8B428FFCE53006D0072 /* ChattingVC.swift */ = {isa = PBXFileReference; lastKnownFileType = sourcecode.swift; path = ChattingVC.swift; sourceTree = "<group>"; };
		A45BD8B628FFCEE8006D0072 /* JournalVC.swift */ = {isa = PBXFileReference; lastKnownFileType = sourcecode.swift; path = JournalVC.swift; sourceTree = "<group>"; };
		A45BD8B828FFCF1D006D0072 /* ProfileVC.swift */ = {isa = PBXFileReference; lastKnownFileType = sourcecode.swift; path = ProfileVC.swift; sourceTree = "<group>"; };
		A45BD8BA28FFD063006D0072 /* CriteriaVC.swift */ = {isa = PBXFileReference; lastKnownFileType = sourcecode.swift; path = CriteriaVC.swift; sourceTree = "<group>"; };
		A45BD8BC28FFD15A006D0072 /* CriteriaVM.swift */ = {isa = PBXFileReference; lastKnownFileType = sourcecode.swift; path = CriteriaVM.swift; sourceTree = "<group>"; };
		A45BD8BE28FFD19D006D0072 /* UITableView.swift */ = {isa = PBXFileReference; lastKnownFileType = sourcecode.swift; path = UITableView.swift; sourceTree = "<group>"; };
		A45BD8C028FFD1F7006D0072 /* UITextView.swift */ = {isa = PBXFileReference; lastKnownFileType = sourcecode.swift; path = UITextView.swift; sourceTree = "<group>"; };
		A45BD8C428FFD312006D0072 /* SorryAlertVC.swift */ = {isa = PBXFileReference; lastKnownFileType = sourcecode.swift; path = SorryAlertVC.swift; sourceTree = "<group>"; };
		A472A00328F27FA4009EC57A /* SetProfileViewModel.swift */ = {isa = PBXFileReference; lastKnownFileType = sourcecode.swift; name = SetProfileViewModel.swift; path = Healo/View/SetProfileViewModel.swift; sourceTree = SOURCE_ROOT; };
		A472A00928F280E6009EC57A /* UITextField.swift */ = {isa = PBXFileReference; lastKnownFileType = sourcecode.swift; path = UITextField.swift; sourceTree = "<group>"; };
		A472A00B28F2810E009EC57A /* UIImageView.swift */ = {isa = PBXFileReference; lastKnownFileType = sourcecode.swift; path = UIImageView.swift; sourceTree = "<group>"; };
		A472A00D28F28129009EC57A /* UIButton.swift */ = {isa = PBXFileReference; lastKnownFileType = sourcecode.swift; path = UIButton.swift; sourceTree = "<group>"; };
		A4AB7B672907784500F81122 /* ToEndVC.swift */ = {isa = PBXFileReference; lastKnownFileType = sourcecode.swift; path = ToEndVC.swift; sourceTree = "<group>"; };
		C59B456228F5079D00B4B8D7 /* VerifyEmailVM.swift */ = {isa = PBXFileReference; lastKnownFileType = sourcecode.swift; path = VerifyEmailVM.swift; sourceTree = "<group>"; };
		C59B456428F5B8BB00B4B8D7 /* UITapGesture.swift */ = {isa = PBXFileReference; lastKnownFileType = sourcecode.swift; path = UITapGesture.swift; sourceTree = "<group>"; };
		C5AAD9D228FE85A900D587B1 /* PairingFailedVC.swift */ = {isa = PBXFileReference; lastKnownFileType = sourcecode.swift; path = PairingFailedVC.swift; sourceTree = "<group>"; };
		C5AAD9D428FE85B700D587B1 /* PairingLoadingVC.swift */ = {isa = PBXFileReference; lastKnownFileType = sourcecode.swift; path = PairingLoadingVC.swift; sourceTree = "<group>"; };
		C5AAD9D628FE85C700D587B1 /* PairingSuccessVC.swift */ = {isa = PBXFileReference; lastKnownFileType = sourcecode.swift; path = PairingSuccessVC.swift; sourceTree = "<group>"; };
		C5BDC0B428F3115600781461 /* Healo.entitlements */ = {isa = PBXFileReference; lastKnownFileType = text.plist.entitlements; path = Healo.entitlements; sourceTree = "<group>"; };
		F57D014619D3C93F77BA8088 /* Pods-Healo.release.xcconfig */ = {isa = PBXFileReference; includeInIndex = 1; lastKnownFileType = text.xcconfig; name = "Pods-Healo.release.xcconfig"; path = "Target Support Files/Pods-Healo/Pods-Healo.release.xcconfig"; sourceTree = "<group>"; };
/* End PBXFileReference section */

/* Begin PBXFrameworksBuildPhase section */
		68C8762F28EB277100069DAA /* Frameworks */ = {
			isa = PBXFrameworksBuildPhase;
			buildActionMask = 2147483647;
			files = (
				485FEA827949B88AD9E664A9 /* Pods_Healo.framework in Frameworks */,
			);
			runOnlyForDeploymentPostprocessing = 0;
		};
/* End PBXFrameworksBuildPhase section */

/* Begin PBXGroup section */
		323DFB505FC4F192BF3A3823 /* Pods */ = {
			isa = PBXGroup;
			children = (
				5D7A5D340B8EE6125DAF5B44 /* Pods-Healo.debug.xcconfig */,
				F57D014619D3C93F77BA8088 /* Pods-Healo.release.xcconfig */,
			);
			path = Pods;
			sourceTree = "<group>";
		};
		3C2D590B28ED2929005D7C27 /* Fonts */ = {
			isa = PBXGroup;
			children = (
				3C2D590C28ED294F005D7C27 /* Poppins-Black.ttf */,
				3C2D591928ED294F005D7C27 /* Poppins-BlackItalic.ttf */,
				3C2D591B28ED294F005D7C27 /* Poppins-Bold.ttf */,
				3C2D591128ED294F005D7C27 /* Poppins-BoldItalic.ttf */,
				3C2D591628ED294F005D7C27 /* Poppins-ExtraBold.ttf */,
				3C2D591A28ED294F005D7C27 /* Poppins-ExtraBoldItalic.ttf */,
				3C2D590E28ED294F005D7C27 /* Poppins-ExtraLight.ttf */,
				3C2D591328ED294F005D7C27 /* Poppins-ExtraLightItalic.ttf */,
				3C2D591D28ED294F005D7C27 /* Poppins-Italic.ttf */,
				3C2D591528ED294F005D7C27 /* Poppins-Light.ttf */,
				3C2D590F28ED294F005D7C27 /* Poppins-LightItalic.ttf */,
				3C2D591228ED294F005D7C27 /* Poppins-Medium.ttf */,
				3C2D591428ED294F005D7C27 /* Poppins-MediumItalic.ttf */,
				3C2D591828ED294F005D7C27 /* Poppins-Regular.ttf */,
				3C2D590D28ED294F005D7C27 /* Poppins-SemiBold.ttf */,
				3C2D591C28ED294F005D7C27 /* Poppins-SemiBoldItalic.ttf */,
				3C2D591728ED294F005D7C27 /* Poppins-Thin.ttf */,
				3C2D591028ED294F005D7C27 /* Poppins-ThinItalic.ttf */,
			);
			path = Fonts;
			sourceTree = "<group>";
		};
		3C2D594C28EEE6DD005D7C27 /* Components */ = {
			isa = PBXGroup;
			children = (
				A45BD8B328FFCCA5006D0072 /* Cell */,
				3C2D594E28EEE6FB005D7C27 /* Label */,
				3C2D594D28EEE6F5005D7C27 /* Button */,
			);
			path = Components;
			sourceTree = "<group>";
		};
		3C2D594D28EEE6F5005D7C27 /* Button */ = {
			isa = PBXGroup;
			children = (
				3C2D594628EECB8B005D7C27 /* ReusableNextButton.swift */,
				3C7B7D7128FEB52F00BB1A7A /* ReusableChoiceButton.swift */,
			);
			path = Button;
			sourceTree = "<group>";
		};
		3C2D594E28EEE6FB005D7C27 /* Label */ = {
			isa = PBXGroup;
			children = (
				3C2D594A28EEDEAD005D7C27 /* ReusableLabel.swift */,
			);
			path = Label;
			sourceTree = "<group>";
		};
		3CA3F7B028FD92F700922354 /* Onboarding */ = {
			isa = PBXGroup;
			children = (
				A45BD8A128FFC57E006D0072 /* OnboardingVC.swift */,
				A45BD89F28FFC579006D0072 /* PickIconVC.swift */,
				A45BD89D28FFC573006D0072 /* PickRoleVC.swift */,
				A45BD89B28FFC56F006D0072 /* RegisterVC.swift */,
				A45BD89928FFC56B006D0072 /* SetProfileVC.swift */,
				A45BD89728FFC566006D0072 /* SuccessAlertVC.swift */,
				A45BD89528FFC560006D0072 /* UserConditionsVC.swift */,
				A45BD89328FFC543006D0072 /* VerifyEmailVC.swift */,
				A45BD89128FFC53C006D0072 /* HowToHealerVC.swift */,
				A45BD88F28FFC537006D0072 /* MainViewController.swift */,
				A45BD88D28FFC52B006D0072 /* LoginVC.swift */,
			);
			path = Onboarding;
			sourceTree = "<group>";
		};
		3CA3F7B128FD934C00922354 /* Assessment */ = {
			isa = PBXGroup;
			children = (
				A45BD8A728FFC591006D0072 /* AssessQuestionsVC.swift */,
				A45BD8A528FFC58B006D0072 /* HasilAssessVC.swift */,
				A45BD8A328FFC587006D0072 /* TestExplanationVC.swift */,
			);
			path = Assessment;
			sourceTree = "<group>";
		};
		4D75E997AA15DB7834341F96 /* Frameworks */ = {
			isa = PBXGroup;
			children = (
				7C94F26B84BE355A54DD03EF /* Pods_Healo.framework */,
			);
			name = Frameworks;
			sourceTree = "<group>";
		};
		6847814828EB2CE300255D01 /* Utils */ = {
			isa = PBXGroup;
			children = (
				3C2D594C28EEE6DD005D7C27 /* Components */,
				68C8764328EB277200069DAA /* Info.plist */,
				C59B456428F5B8BB00B4B8D7 /* UITapGesture.swift */,
				68C8763528EB277100069DAA /* AppDelegate.swift */,
				68C8763728EB277100069DAA /* SceneDelegate.swift */,
				A472A00928F280E6009EC57A /* UITextField.swift */,
				A45BD8C028FFD1F7006D0072 /* UITextView.swift */,
				A472A00B28F2810E009EC57A /* UIImageView.swift */,
				A472A00D28F28129009EC57A /* UIButton.swift */,
				3C2D58CC28EC15AA005D7C27 /* UIColor.swift */,
				3C2D58CE28EC15ED005D7C27 /* UIFont.swift */,
				A45BD8BE28FFD19D006D0072 /* UITableView.swift */,
				3C2D593228ED6DB7005D7C27 /* UserProfile.swift */,
				3C7B7E212907EBCE00BB1A7A /* SocketHandler.swift */,
			);
			path = Utils;
			sourceTree = "<group>";
		};
		6847814928EB2CF800255D01 /* View */ = {
			isa = PBXGroup;
			children = (
				3CA3F7B128FD934C00922354 /* Assessment */,
				3CA3F7B028FD92F700922354 /* Onboarding */,
				3C2D590B28ED2929005D7C27 /* Fonts */,
				68C8763E28EB277200069DAA /* Assets.xcassets */,
				68C8764028EB277200069DAA /* LaunchScreen.storyboard */,
				3CA3F7AE28FD92E300922354 /* DidEndChatVC.swift */,
				A45BD8A928FFC8D5006D0072 /* SeekerTabBarVC.swift */,
				A45BD8AB28FFC9AB006D0072 /* ChatListVC.swift */,
				A45BD8BA28FFD063006D0072 /* CriteriaVC.swift */,
				A45BD8B428FFCE53006D0072 /* ChattingVC.swift */,
				A45BD8B628FFCEE8006D0072 /* JournalVC.swift */,
				A45BD8B828FFCF1D006D0072 /* ProfileVC.swift */,
				A45BD8C428FFD312006D0072 /* SorryAlertVC.swift */,
				3CA3F7B228FE4B8C00922354 /* SuccessEndChatVC.swift */,
				3CA3F7B428FE533C00922354 /* EndChatVC.swift */,
				C5AAD9D228FE85A900D587B1 /* PairingFailedVC.swift */,
				C5AAD9D428FE85B700D587B1 /* PairingLoadingVC.swift */,
				C5AAD9D628FE85C700D587B1 /* PairingSuccessVC.swift */,
				3C7B7DC329051A4100BB1A7A /* ChatVC.swift */,
				A4AB7B672907784500F81122 /* ToEndVC.swift */,
				3C7B7E1F2907EB8400BB1A7A /* SocketViewController.swift */,
			);
			path = View;
			sourceTree = "<group>";
		};
		6847814A28EB2D5300255D01 /* ViewModel */ = {
			isa = PBXGroup;
			children = (
				A472A00328F27FA4009EC57A /* SetProfileViewModel.swift */,
				3C2D593428EDB1B1005D7C27 /* RegisterVM.swift */,
				3C2D595128F14F0D005D7C27 /* SetUserVM.swift */,
				3C7B7E1B2907E3B500BB1A7A /* GetUserVM.swift */,
				C59B456228F5079D00B4B8D7 /* VerifyEmailVM.swift */,
				3C2D595528F1DFCE005D7C27 /* LoginVM.swift */,
				3C2D595728F5B475005D7C27 /* ProfileIconVM.swift */,
				3C2D596128F6ECE9005D7C27 /* AssessmentResultVM.swift */,
				3C2D59AD28FAC484005D7C27 /* AssessQuestionsVM.swift */,
				A45BD8AF28FFCBE3006D0072 /* ChatListVM.swift */,
				A45BD8BC28FFD15A006D0072 /* CriteriaVM.swift */,
			);
			name = ViewModel;
			sourceTree = "<group>";
		};
		6847814B28EB2DD100255D01 /* Model */ = {
			isa = PBXGroup;
			children = (
				3C2D593C28EDBAF8005D7C27 /* Response.swift */,
				3C2D595328F1D983005D7C27 /* Token.swift */,
				3C2D595D28F5B793005D7C27 /* Icon.swift */,
				3C2D596328F6ED51005D7C27 /* AssResult.swift */,
				3C2D596528F6F18B005D7C27 /* QuestionAnswer.swift */,
				3C2D59AF28FAC54A005D7C27 /* AssQuestion.swift */,
				A45BD8AD28FFCB77006D0072 /* ChatUser.swift */,
				3C7B7DC52905230200BB1A7A /* Sender.swift */,
				3C7B7DC72905232900BB1A7A /* Message.swift */,
				3C7B7E1D2907E48B00BB1A7A /* User.swift */,
				3C7B7E23290824EF00BB1A7A /* Pair.swift */,
			);
			path = Model;
			sourceTree = "<group>";
		};
		6847814C28EB2DDE00255D01 /* Helper */ = {
			isa = PBXGroup;
			children = (
				3C2D594F28F143DA005D7C27 /* GlobalVariable.swift */,
			);
			path = Helper;
			sourceTree = "<group>";
		};
		68C8762928EB277100069DAA = {
			isa = PBXGroup;
			children = (
				68C8763428EB277100069DAA /* Healo */,
				68C8763328EB277100069DAA /* Products */,
				323DFB505FC4F192BF3A3823 /* Pods */,
				4D75E997AA15DB7834341F96 /* Frameworks */,
			);
			sourceTree = "<group>";
		};
		68C8763328EB277100069DAA /* Products */ = {
			isa = PBXGroup;
			children = (
				68C8763228EB277100069DAA /* Healo.app */,
			);
			name = Products;
			sourceTree = "<group>";
		};
		68C8763428EB277100069DAA /* Healo */ = {
			isa = PBXGroup;
			children = (
				C5BDC0B428F3115600781461 /* Healo.entitlements */,
				6847814C28EB2DDE00255D01 /* Helper */,
				6847814B28EB2DD100255D01 /* Model */,
				6847814A28EB2D5300255D01 /* ViewModel */,
				6847814928EB2CF800255D01 /* View */,
				6847814828EB2CE300255D01 /* Utils */,
			);
			path = Healo;
			sourceTree = "<group>";
		};
		A45BD8B328FFCCA5006D0072 /* Cell */ = {
			isa = PBXGroup;
			children = (
				A45BD8B128FFCC97006D0072 /* ChatCell.swift */,
			);
			path = Cell;
			sourceTree = "<group>";
		};
/* End PBXGroup section */

/* Begin PBXNativeTarget section */
		68C8763128EB277100069DAA /* Healo */ = {
			isa = PBXNativeTarget;
			buildConfigurationList = 68C8764628EB277200069DAA /* Build configuration list for PBXNativeTarget "Healo" */;
			buildPhases = (
				4D5AC99792723E7AAEFBD194 /* [CP] Check Pods Manifest.lock */,
				68C8762E28EB277100069DAA /* Sources */,
				68C8762F28EB277100069DAA /* Frameworks */,
				68C8763028EB277100069DAA /* Resources */,
				0ED9E8BEEF230CAF02A442AD /* [CP] Embed Pods Frameworks */,
			);
			buildRules = (
			);
			dependencies = (
			);
			name = Healo;
			productName = Healo;
			productReference = 68C8763228EB277100069DAA /* Healo.app */;
			productType = "com.apple.product-type.application";
		};
/* End PBXNativeTarget section */

/* Begin PBXProject section */
		68C8762A28EB277100069DAA /* Project object */ = {
			isa = PBXProject;
			attributes = {
				BuildIndependentTargetsInParallel = 1;
				LastSwiftUpdateCheck = 1400;
				LastUpgradeCheck = 1400;
				TargetAttributes = {
					68C8763128EB277100069DAA = {
						CreatedOnToolsVersion = 14.0.1;
					};
				};
			};
			buildConfigurationList = 68C8762D28EB277100069DAA /* Build configuration list for PBXProject "Healo" */;
			compatibilityVersion = "Xcode 14.0";
			developmentRegion = en;
			hasScannedForEncodings = 0;
			knownRegions = (
				en,
				Base,
			);
			mainGroup = 68C8762928EB277100069DAA;
			productRefGroup = 68C8763328EB277100069DAA /* Products */;
			projectDirPath = "";
			projectRoot = "";
			targets = (
				68C8763128EB277100069DAA /* Healo */,
			);
		};
/* End PBXProject section */

/* Begin PBXResourcesBuildPhase section */
		68C8763028EB277100069DAA /* Resources */ = {
			isa = PBXResourcesBuildPhase;
			buildActionMask = 2147483647;
			files = (
				3C2D592028ED294F005D7C27 /* Poppins-ExtraLight.ttf in Resources */,
				3C2D592E28ED294F005D7C27 /* Poppins-SemiBoldItalic.ttf in Resources */,
				3C2D592D28ED294F005D7C27 /* Poppins-Bold.ttf in Resources */,
				3C2D592928ED294F005D7C27 /* Poppins-Thin.ttf in Resources */,
				3C2D592628ED294F005D7C27 /* Poppins-MediumItalic.ttf in Resources */,
				3C2D592128ED294F005D7C27 /* Poppins-LightItalic.ttf in Resources */,
				3C2D592528ED294F005D7C27 /* Poppins-ExtraLightItalic.ttf in Resources */,
				3C2D591E28ED294F005D7C27 /* Poppins-Black.ttf in Resources */,
				3C2D591F28ED294F005D7C27 /* Poppins-SemiBold.ttf in Resources */,
				68C8764228EB277200069DAA /* LaunchScreen.storyboard in Resources */,
				3C2D592728ED294F005D7C27 /* Poppins-Light.ttf in Resources */,
				3C2D592A28ED294F005D7C27 /* Poppins-Regular.ttf in Resources */,
				3C2D592228ED294F005D7C27 /* Poppins-ThinItalic.ttf in Resources */,
				3C2D592428ED294F005D7C27 /* Poppins-Medium.ttf in Resources */,
				3C2D592B28ED294F005D7C27 /* Poppins-BlackItalic.ttf in Resources */,
				68C8763F28EB277200069DAA /* Assets.xcassets in Resources */,
				3C2D592328ED294F005D7C27 /* Poppins-BoldItalic.ttf in Resources */,
				3C2D592828ED294F005D7C27 /* Poppins-ExtraBold.ttf in Resources */,
				3C2D592F28ED294F005D7C27 /* Poppins-Italic.ttf in Resources */,
				3C2D592C28ED294F005D7C27 /* Poppins-ExtraBoldItalic.ttf in Resources */,
			);
			runOnlyForDeploymentPostprocessing = 0;
		};
/* End PBXResourcesBuildPhase section */

/* Begin PBXShellScriptBuildPhase section */
		0ED9E8BEEF230CAF02A442AD /* [CP] Embed Pods Frameworks */ = {
			isa = PBXShellScriptBuildPhase;
			buildActionMask = 2147483647;
			files = (
			);
			inputFileListPaths = (
				"${PODS_ROOT}/Target Support Files/Pods-Healo/Pods-Healo-frameworks-${CONFIGURATION}-input-files.xcfilelist",
			);
			name = "[CP] Embed Pods Frameworks";
			outputFileListPaths = (
				"${PODS_ROOT}/Target Support Files/Pods-Healo/Pods-Healo-frameworks-${CONFIGURATION}-output-files.xcfilelist",
			);
			runOnlyForDeploymentPostprocessing = 0;
			shellPath = /bin/sh;
			shellScript = "\"${PODS_ROOT}/Target Support Files/Pods-Healo/Pods-Healo-frameworks.sh\"\n";
			showEnvVarsInLog = 0;
		};
		4D5AC99792723E7AAEFBD194 /* [CP] Check Pods Manifest.lock */ = {
			isa = PBXShellScriptBuildPhase;
			buildActionMask = 2147483647;
			files = (
			);
			inputFileListPaths = (
			);
			inputPaths = (
				"${PODS_PODFILE_DIR_PATH}/Podfile.lock",
				"${PODS_ROOT}/Manifest.lock",
			);
			name = "[CP] Check Pods Manifest.lock";
			outputFileListPaths = (
			);
			outputPaths = (
				"$(DERIVED_FILE_DIR)/Pods-Healo-checkManifestLockResult.txt",
			);
			runOnlyForDeploymentPostprocessing = 0;
			shellPath = /bin/sh;
			shellScript = "diff \"${PODS_PODFILE_DIR_PATH}/Podfile.lock\" \"${PODS_ROOT}/Manifest.lock\" > /dev/null\nif [ $? != 0 ] ; then\n    # print error to STDERR\n    echo \"error: The sandbox is not in sync with the Podfile.lock. Run 'pod install' or update your CocoaPods installation.\" >&2\n    exit 1\nfi\n# This output is used by Xcode 'outputs' to avoid re-running this script phase.\necho \"SUCCESS\" > \"${SCRIPT_OUTPUT_FILE_0}\"\n";
			showEnvVarsInLog = 0;
		};
/* End PBXShellScriptBuildPhase section */

/* Begin PBXSourcesBuildPhase section */
		68C8762E28EB277100069DAA /* Sources */ = {
			isa = PBXSourcesBuildPhase;
			buildActionMask = 2147483647;
			files = (
				A45BD89228FFC53C006D0072 /* HowToHealerVC.swift in Sources */,
				3C7B7E222907EBCE00BB1A7A /* SocketHandler.swift in Sources */,
				3C2D594B28EEDEAD005D7C27 /* ReusableLabel.swift in Sources */,
				C5AAD9D728FE85C700D587B1 /* PairingSuccessVC.swift in Sources */,
				A45BD8AA28FFC8D5006D0072 /* SeekerTabBarVC.swift in Sources */,
				A45BD8AE28FFCB77006D0072 /* ChatUser.swift in Sources */,
				A45BD89C28FFC56F006D0072 /* RegisterVC.swift in Sources */,
				68C8763628EB277100069DAA /* AppDelegate.swift in Sources */,
				3C2D58CF28EC15ED005D7C27 /* UIFont.swift in Sources */,
				3C2D59AE28FAC484005D7C27 /* AssessQuestionsVM.swift in Sources */,
				A45BD8C528FFD312006D0072 /* SorryAlertVC.swift in Sources */,
				A45BD8B528FFCE53006D0072 /* ChattingVC.swift in Sources */,
				A45BD8A428FFC587006D0072 /* TestExplanationVC.swift in Sources */,
				3C7B7E1C2907E3B500BB1A7A /* GetUserVM.swift in Sources */,
				3C7B7E24290824EF00BB1A7A /* Pair.swift in Sources */,
				A45BD89828FFC566006D0072 /* SuccessAlertVC.swift in Sources */,
				A45BD8A828FFC591006D0072 /* AssessQuestionsVC.swift in Sources */,
				3CA3F7B328FE4B8C00922354 /* SuccessEndChatVC.swift in Sources */,
				A45BD89628FFC560006D0072 /* UserConditionsVC.swift in Sources */,
				3C2D596228F6ECE9005D7C27 /* AssessmentResultVM.swift in Sources */,
				3C2D593D28EDBAF8005D7C27 /* Response.swift in Sources */,
				3C2D594728EECB8B005D7C27 /* ReusableNextButton.swift in Sources */,
				A45BD8AC28FFC9AB006D0072 /* ChatListVC.swift in Sources */,
				A45BD8A628FFC58B006D0072 /* HasilAssessVC.swift in Sources */,
				A45BD8B928FFCF1D006D0072 /* ProfileVC.swift in Sources */,
				C59B456328F5079D00B4B8D7 /* VerifyEmailVM.swift in Sources */,
				A45BD8BD28FFD15A006D0072 /* CriteriaVM.swift in Sources */,
				3C2D595E28F5B793005D7C27 /* Icon.swift in Sources */,
				A45BD89428FFC543006D0072 /* VerifyEmailVC.swift in Sources */,
				3C2D593328ED6DB7005D7C27 /* UserProfile.swift in Sources */,
				A4AB7B682907784500F81122 /* ToEndVC.swift in Sources */,
				3C2D595228F14F0D005D7C27 /* SetUserVM.swift in Sources */,
				A45BD89A28FFC56B006D0072 /* SetProfileVC.swift in Sources */,
				C59B456528F5B8BB00B4B8D7 /* UITapGesture.swift in Sources */,
				3C7B7E1E2907E48B00BB1A7A /* User.swift in Sources */,
				3C7B7DC62905230200BB1A7A /* Sender.swift in Sources */,
				3C7B7DC429051A4100BB1A7A /* ChatVC.swift in Sources */,
				68C8763828EB277100069DAA /* SceneDelegate.swift in Sources */,
				3CA3F7AF28FD92E300922354 /* DidEndChatVC.swift in Sources */,
				A472A00A28F280E6009EC57A /* UITextField.swift in Sources */,
				A472A00E28F28129009EC57A /* UIButton.swift in Sources */,
				A45BD8A228FFC57E006D0072 /* OnboardingVC.swift in Sources */,
				3C2D596428F6ED51005D7C27 /* AssResult.swift in Sources */,
				A45BD88E28FFC52B006D0072 /* LoginVC.swift in Sources */,
				A472A00C28F2810E009EC57A /* UIImageView.swift in Sources */,
				3C2D59B028FAC54A005D7C27 /* AssQuestion.swift in Sources */,
				A45BD8B728FFCEE8006D0072 /* JournalVC.swift in Sources */,
				C5AAD9D328FE85A900D587B1 /* PairingFailedVC.swift in Sources */,
				A472A00428F27FA4009EC57A /* SetProfileViewModel.swift in Sources */,
				3C2D596628F6F18B005D7C27 /* QuestionAnswer.swift in Sources */,
				3C2D595028F143DA005D7C27 /* GlobalVariable.swift in Sources */,
				3C2D593528EDB1B1005D7C27 /* RegisterVM.swift in Sources */,
				C5AAD9D528FE85B700D587B1 /* PairingLoadingVC.swift in Sources */,
				3C7B7DC82905232900BB1A7A /* Message.swift in Sources */,
				3C2D595628F1DFCE005D7C27 /* LoginVM.swift in Sources */,
				3C2D595828F5B475005D7C27 /* ProfileIconVM.swift in Sources */,
				A45BD8A028FFC579006D0072 /* PickIconVC.swift in Sources */,
				A45BD89028FFC537006D0072 /* MainViewController.swift in Sources */,
				3C7B7E202907EB8400BB1A7A /* SocketViewController.swift in Sources */,
				3C2D595428F1D983005D7C27 /* Token.swift in Sources */,
				3C7B7D7228FEB52F00BB1A7A /* ReusableChoiceButton.swift in Sources */,
				A45BD8BF28FFD19D006D0072 /* UITableView.swift in Sources */,
				3C2D58CD28EC15AA005D7C27 /* UIColor.swift in Sources */,
				A45BD8C128FFD1F7006D0072 /* UITextView.swift in Sources */,
				A45BD89E28FFC573006D0072 /* PickRoleVC.swift in Sources */,
				A45BD8B228FFCC97006D0072 /* ChatCell.swift in Sources */,
				A45BD8B028FFCBE3006D0072 /* ChatListVM.swift in Sources */,
				3CA3F7B528FE533C00922354 /* EndChatVC.swift in Sources */,
				A45BD8BB28FFD063006D0072 /* CriteriaVC.swift in Sources */,
			);
			runOnlyForDeploymentPostprocessing = 0;
		};
/* End PBXSourcesBuildPhase section */

/* Begin PBXVariantGroup section */
		68C8764028EB277200069DAA /* LaunchScreen.storyboard */ = {
			isa = PBXVariantGroup;
			children = (
				68C8764128EB277200069DAA /* Base */,
			);
			name = LaunchScreen.storyboard;
			sourceTree = "<group>";
		};
/* End PBXVariantGroup section */

/* Begin XCBuildConfiguration section */
		68C8764428EB277200069DAA /* Debug */ = {
			isa = XCBuildConfiguration;
			buildSettings = {
				ALWAYS_SEARCH_USER_PATHS = NO;
				CLANG_ANALYZER_NONNULL = YES;
				CLANG_ANALYZER_NUMBER_OBJECT_CONVERSION = YES_AGGRESSIVE;
				CLANG_CXX_LANGUAGE_STANDARD = "gnu++20";
				CLANG_ENABLE_MODULES = YES;
				CLANG_ENABLE_OBJC_ARC = YES;
				CLANG_ENABLE_OBJC_WEAK = YES;
				CLANG_WARN_BLOCK_CAPTURE_AUTORELEASING = YES;
				CLANG_WARN_BOOL_CONVERSION = YES;
				CLANG_WARN_COMMA = YES;
				CLANG_WARN_CONSTANT_CONVERSION = YES;
				CLANG_WARN_DEPRECATED_OBJC_IMPLEMENTATIONS = YES;
				CLANG_WARN_DIRECT_OBJC_ISA_USAGE = YES_ERROR;
				CLANG_WARN_DOCUMENTATION_COMMENTS = YES;
				CLANG_WARN_EMPTY_BODY = YES;
				CLANG_WARN_ENUM_CONVERSION = YES;
				CLANG_WARN_INFINITE_RECURSION = YES;
				CLANG_WARN_INT_CONVERSION = YES;
				CLANG_WARN_NON_LITERAL_NULL_CONVERSION = YES;
				CLANG_WARN_OBJC_IMPLICIT_RETAIN_SELF = YES;
				CLANG_WARN_OBJC_LITERAL_CONVERSION = YES;
				CLANG_WARN_OBJC_ROOT_CLASS = YES_ERROR;
				CLANG_WARN_QUOTED_INCLUDE_IN_FRAMEWORK_HEADER = YES;
				CLANG_WARN_RANGE_LOOP_ANALYSIS = YES;
				CLANG_WARN_STRICT_PROTOTYPES = YES;
				CLANG_WARN_SUSPICIOUS_MOVE = YES;
				CLANG_WARN_UNGUARDED_AVAILABILITY = YES_AGGRESSIVE;
				CLANG_WARN_UNREACHABLE_CODE = YES;
				CLANG_WARN__DUPLICATE_METHOD_MATCH = YES;
				COPY_PHASE_STRIP = NO;
				DEBUG_INFORMATION_FORMAT = dwarf;
				ENABLE_STRICT_OBJC_MSGSEND = YES;
				ENABLE_TESTABILITY = YES;
				GCC_C_LANGUAGE_STANDARD = gnu11;
				GCC_DYNAMIC_NO_PIC = NO;
				GCC_NO_COMMON_BLOCKS = YES;
				GCC_OPTIMIZATION_LEVEL = 0;
				GCC_PREPROCESSOR_DEFINITIONS = (
					"DEBUG=1",
					"$(inherited)",
				);
				GCC_WARN_64_TO_32_BIT_CONVERSION = YES;
				GCC_WARN_ABOUT_RETURN_TYPE = YES_ERROR;
				GCC_WARN_UNDECLARED_SELECTOR = YES;
				GCC_WARN_UNINITIALIZED_AUTOS = YES_AGGRESSIVE;
				GCC_WARN_UNUSED_FUNCTION = YES;
				GCC_WARN_UNUSED_VARIABLE = YES;
				IPHONEOS_DEPLOYMENT_TARGET = 16.0;
				MTL_ENABLE_DEBUG_INFO = INCLUDE_SOURCE;
				MTL_FAST_MATH = YES;
				ONLY_ACTIVE_ARCH = YES;
				SDKROOT = iphoneos;
				SWIFT_ACTIVE_COMPILATION_CONDITIONS = DEBUG;
				SWIFT_OPTIMIZATION_LEVEL = "-Onone";
			};
			name = Debug;
		};
		68C8764528EB277200069DAA /* Release */ = {
			isa = XCBuildConfiguration;
			buildSettings = {
				ALWAYS_SEARCH_USER_PATHS = NO;
				CLANG_ANALYZER_NONNULL = YES;
				CLANG_ANALYZER_NUMBER_OBJECT_CONVERSION = YES_AGGRESSIVE;
				CLANG_CXX_LANGUAGE_STANDARD = "gnu++20";
				CLANG_ENABLE_MODULES = YES;
				CLANG_ENABLE_OBJC_ARC = YES;
				CLANG_ENABLE_OBJC_WEAK = YES;
				CLANG_WARN_BLOCK_CAPTURE_AUTORELEASING = YES;
				CLANG_WARN_BOOL_CONVERSION = YES;
				CLANG_WARN_COMMA = YES;
				CLANG_WARN_CONSTANT_CONVERSION = YES;
				CLANG_WARN_DEPRECATED_OBJC_IMPLEMENTATIONS = YES;
				CLANG_WARN_DIRECT_OBJC_ISA_USAGE = YES_ERROR;
				CLANG_WARN_DOCUMENTATION_COMMENTS = YES;
				CLANG_WARN_EMPTY_BODY = YES;
				CLANG_WARN_ENUM_CONVERSION = YES;
				CLANG_WARN_INFINITE_RECURSION = YES;
				CLANG_WARN_INT_CONVERSION = YES;
				CLANG_WARN_NON_LITERAL_NULL_CONVERSION = YES;
				CLANG_WARN_OBJC_IMPLICIT_RETAIN_SELF = YES;
				CLANG_WARN_OBJC_LITERAL_CONVERSION = YES;
				CLANG_WARN_OBJC_ROOT_CLASS = YES_ERROR;
				CLANG_WARN_QUOTED_INCLUDE_IN_FRAMEWORK_HEADER = YES;
				CLANG_WARN_RANGE_LOOP_ANALYSIS = YES;
				CLANG_WARN_STRICT_PROTOTYPES = YES;
				CLANG_WARN_SUSPICIOUS_MOVE = YES;
				CLANG_WARN_UNGUARDED_AVAILABILITY = YES_AGGRESSIVE;
				CLANG_WARN_UNREACHABLE_CODE = YES;
				CLANG_WARN__DUPLICATE_METHOD_MATCH = YES;
				COPY_PHASE_STRIP = NO;
				DEBUG_INFORMATION_FORMAT = "dwarf-with-dsym";
				ENABLE_NS_ASSERTIONS = NO;
				ENABLE_STRICT_OBJC_MSGSEND = YES;
				GCC_C_LANGUAGE_STANDARD = gnu11;
				GCC_NO_COMMON_BLOCKS = YES;
				GCC_WARN_64_TO_32_BIT_CONVERSION = YES;
				GCC_WARN_ABOUT_RETURN_TYPE = YES_ERROR;
				GCC_WARN_UNDECLARED_SELECTOR = YES;
				GCC_WARN_UNINITIALIZED_AUTOS = YES_AGGRESSIVE;
				GCC_WARN_UNUSED_FUNCTION = YES;
				GCC_WARN_UNUSED_VARIABLE = YES;
				IPHONEOS_DEPLOYMENT_TARGET = 16.0;
				MTL_ENABLE_DEBUG_INFO = NO;
				MTL_FAST_MATH = YES;
				SDKROOT = iphoneos;
				SWIFT_COMPILATION_MODE = wholemodule;
				SWIFT_OPTIMIZATION_LEVEL = "-O";
				VALIDATE_PRODUCT = YES;
			};
			name = Release;
		};
		68C8764728EB277200069DAA /* Debug */ = {
			isa = XCBuildConfiguration;
			baseConfigurationReference = 5D7A5D340B8EE6125DAF5B44 /* Pods-Healo.debug.xcconfig */;
			buildSettings = {
				ASSETCATALOG_COMPILER_APPICON_NAME = AppIcon;
				ASSETCATALOG_COMPILER_GLOBAL_ACCENT_COLOR_NAME = AccentColor;
				CODE_SIGN_ENTITLEMENTS = Healo/Healo.entitlements;
				CODE_SIGN_STYLE = Automatic;
				CURRENT_PROJECT_VERSION = 1;
				DEVELOPMENT_TEAM = Y8686RJS9V;
				GENERATE_INFOPLIST_FILE = YES;
				INFOPLIST_FILE = Healo/Utils/Info.plist;
				INFOPLIST_KEY_UIApplicationSupportsIndirectInputEvents = YES;
				INFOPLIST_KEY_UILaunchStoryboardName = LaunchScreen;
				INFOPLIST_KEY_UIMainStoryboardFile = "";
				INFOPLIST_KEY_UISupportedInterfaceOrientations_iPad = "UIInterfaceOrientationPortrait UIInterfaceOrientationPortraitUpsideDown UIInterfaceOrientationLandscapeLeft UIInterfaceOrientationLandscapeRight";
				INFOPLIST_KEY_UISupportedInterfaceOrientations_iPhone = "UIInterfaceOrientationPortrait UIInterfaceOrientationLandscapeLeft UIInterfaceOrientationLandscapeRight";
				IPHONEOS_DEPLOYMENT_TARGET = 14.0;
				LD_RUNPATH_SEARCH_PATHS = (
					"$(inherited)",
					"@executable_path/Frameworks",
				);
				MARKETING_VERSION = 1.0;
				PRODUCT_BUNDLE_IDENTIFIER = Pencake.Healo;
				PRODUCT_NAME = "$(TARGET_NAME)";
				SWIFT_EMIT_LOC_STRINGS = YES;
				SWIFT_VERSION = 5.0;
				TARGETED_DEVICE_FAMILY = "1,2";
			};
			name = Debug;
		};
		68C8764828EB277200069DAA /* Release */ = {
			isa = XCBuildConfiguration;
			baseConfigurationReference = F57D014619D3C93F77BA8088 /* Pods-Healo.release.xcconfig */;
			buildSettings = {
				ASSETCATALOG_COMPILER_APPICON_NAME = AppIcon;
				ASSETCATALOG_COMPILER_GLOBAL_ACCENT_COLOR_NAME = AccentColor;
				CODE_SIGN_ENTITLEMENTS = Healo/Healo.entitlements;
				CODE_SIGN_STYLE = Automatic;
				CURRENT_PROJECT_VERSION = 1;
				DEVELOPMENT_TEAM = Y8686RJS9V;
				GENERATE_INFOPLIST_FILE = YES;
				INFOPLIST_FILE = Healo/Utils/Info.plist;
				INFOPLIST_KEY_UIApplicationSupportsIndirectInputEvents = YES;
				INFOPLIST_KEY_UILaunchStoryboardName = LaunchScreen;
				INFOPLIST_KEY_UIMainStoryboardFile = "";
				INFOPLIST_KEY_UISupportedInterfaceOrientations_iPad = "UIInterfaceOrientationPortrait UIInterfaceOrientationPortraitUpsideDown UIInterfaceOrientationLandscapeLeft UIInterfaceOrientationLandscapeRight";
				INFOPLIST_KEY_UISupportedInterfaceOrientations_iPhone = "UIInterfaceOrientationPortrait UIInterfaceOrientationLandscapeLeft UIInterfaceOrientationLandscapeRight";
				IPHONEOS_DEPLOYMENT_TARGET = 14.0;
				LD_RUNPATH_SEARCH_PATHS = (
					"$(inherited)",
					"@executable_path/Frameworks",
				);
				MARKETING_VERSION = 1.0;
				PRODUCT_BUNDLE_IDENTIFIER = Pencake.Healo;
				PRODUCT_NAME = "$(TARGET_NAME)";
				SWIFT_EMIT_LOC_STRINGS = YES;
				SWIFT_VERSION = 5.0;
				TARGETED_DEVICE_FAMILY = "1,2";
			};
			name = Release;
		};
/* End XCBuildConfiguration section */

/* Begin XCConfigurationList section */
		68C8762D28EB277100069DAA /* Build configuration list for PBXProject "Healo" */ = {
			isa = XCConfigurationList;
			buildConfigurations = (
				68C8764428EB277200069DAA /* Debug */,
				68C8764528EB277200069DAA /* Release */,
			);
			defaultConfigurationIsVisible = 0;
			defaultConfigurationName = Release;
		};
		68C8764628EB277200069DAA /* Build configuration list for PBXNativeTarget "Healo" */ = {
			isa = XCConfigurationList;
			buildConfigurations = (
				68C8764728EB277200069DAA /* Debug */,
				68C8764828EB277200069DAA /* Release */,
			);
			defaultConfigurationIsVisible = 0;
			defaultConfigurationName = Release;
		};
/* End XCConfigurationList section */
	};
	rootObject = 68C8762A28EB277100069DAA /* Project object */;
}
